
Microsoft Visual Studio Solution File, Format Version 12.00
# Visual Studio Version 16
VisualStudioVersion = 16.0.30204.135
MinimumVisualStudioVersion = 10.0.40219.1
Project("{FAE04EC0-301F-11D3-BF4B-00C04F79EFBC}") = "CovarianciaContravariancia", "CovarianciaContravariancia\CovarianciaContravariancia.csproj", "{E24A109A-E5D8-4A8C-8A1B-5BD5347B0691}"
EndProject
Project("{FAE04EC0-301F-11D3-BF4B-00C04F79EFBC}") = "DelegatesMukticast", "DelegatesMukticast\DelegatesMukticast.csproj", "{C1C45B9B-13FD-4EF1-9CCB-49529F405FF6}"
EndProject
Project("{FAE04EC0-301F-11D3-BF4B-00C04F79EFBC}") = "DelegatesGenericos", "DelegatesGenericos\DelegatesGenericos.csproj", "{481D9880-4B47-4573-A5B4-400316162FF1}"
EndProject
Project("{FAE04EC0-301F-11D3-BF4B-00C04F79EFBC}") = "CurseEvento", "CurseEvento\CurseEvento.csproj", "{C84F4927-F6F6-447A-98B5-51D7D61246C7}"
EndProject
Project("{FAE04EC0-301F-11D3-BF4B-00C04F79EFBC}") = "ExpressaoLambda", "ExpressaoLambda\ExpressaoLambda.csproj", "{5AD93878-903E-4113-9099-0C2A868A0BEE}"
EndProject
Project("{FAE04EC0-301F-11D3-BF4B-00C04F79EFBC}") = "MetodosExtensao", "MetodosExtensao\MetodosExtensao.csproj", "{EF32F9D0-72A3-4B8D-89C6-0A1F9BC09937}"
EndProject
Project("{FAE04EC0-301F-11D3-BF4B-00C04F79EFBC}") = "LicaoLink", "LicaoLink\LicaoLink.csproj", "{43015FAE-6B40-4890-876B-0D59CB0C9B20}"
EndProject
Global
	GlobalSection(SolutionConfigurationPlatforms) = preSolution
		Debug|Any CPU = Debug|Any CPU
		Release|Any CPU = Release|Any CPU
	EndGlobalSection
	GlobalSection(ProjectConfigurationPlatforms) = postSolution
		{E24A109A-E5D8-4A8C-8A1B-5BD5347B0691}.Debug|Any CPU.ActiveCfg = Debug|Any CPU
		{E24A109A-E5D8-4A8C-8A1B-5BD5347B0691}.Debug|Any CPU.Build.0 = Debug|Any CPU
		{E24A109A-E5D8-4A8C-8A1B-5BD5347B0691}.Release|Any CPU.ActiveCfg = Release|Any CPU
		{E24A109A-E5D8-4A8C-8A1B-5BD5347B0691}.Release|Any CPU.Build.0 = Release|Any CPU
		{C1C45B9B-13FD-4EF1-9CCB-49529F405FF6}.Debug|Any CPU.ActiveCfg = Debug|Any CPU
		{C1C45B9B-13FD-4EF1-9CCB-49529F405FF6}.Debug|Any CPU.Build.0 = Debug|Any CPU
		{C1C45B9B-13FD-4EF1-9CCB-49529F405FF6}.Release|Any CPU.ActiveCfg = Release|Any CPU
		{C1C45B9B-13FD-4EF1-9CCB-49529F405FF6}.Release|Any CPU.Build.0 = Release|Any CPU
		{481D9880-4B47-4573-A5B4-400316162FF1}.Debug|Any CPU.ActiveCfg = Debug|Any CPU
		{481D9880-4B47-4573-A5B4-400316162FF1}.Debug|Any CPU.Build.0 = Debug|Any CPU
		{481D9880-4B47-4573-A5B4-400316162FF1}.Release|Any CPU.ActiveCfg = Release|Any CPU
		{481D9880-4B47-4573-A5B4-400316162FF1}.Release|Any CPU.Build.0 = Release|Any CPU
		{C84F4927-F6F6-447A-98B5-51D7D61246C7}.Debug|Any CPU.ActiveCfg = Debug|Any CPU
		{C84F4927-F6F6-447A-98B5-51D7D61246C7}.Debug|Any CPU.Build.0 = Debug|Any CPU
		{C84F4927-F6F6-447A-98B5-51D7D61246C7}.Release|Any CPU.ActiveCfg = Release|Any CPU
		{C84F4927-F6F6-447A-98B5-51D7D61246C7}.Release|Any CPU.Build.0 = Release|Any CPU
		{5AD93878-903E-4113-9099-0C2A868A0BEE}.Debug|Any CPU.ActiveCfg = Debug|Any CPU
		{5AD93878-903E-4113-9099-0C2A868A0BEE}.Debug|Any CPU.Build.0 = Debug|Any CPU
		{5AD93878-903E-4113-9099-0C2A868A0BEE}.Release|Any CPU.ActiveCfg = Release|Any CPU
		{5AD93878-903E-4113-9099-0C2A868A0BEE}.Release|Any CPU.Build.0 = Release|Any CPU
		{EF32F9D0-72A3-4B8D-89C6-0A1F9BC09937}.Debug|Any CPU.ActiveCfg = Debug|Any CPU
		{EF32F9D0-72A3-4B8D-89C6-0A1F9BC09937}.Debug|Any CPU.Build.0 = Debug|Any CPU
		{EF32F9D0-72A3-4B8D-89C6-0A1F9BC09937}.Release|Any CPU.ActiveCfg = Release|Any CPU
		{EF32F9D0-72A3-4B8D-89C6-0A1F9BC09937}.Release|Any CPU.Build.0 = Release|Any CPU
		{43015FAE-6B40-4890-876B-0D59CB0C9B20}.Debug|Any CPU.ActiveCfg = Debug|Any CPU
		{43015FAE-6B40-4890-876B-0D59CB0C9B20}.Debug|Any CPU.Build.0 = Debug|Any CPU
		{43015FAE-6B40-4890-876B-0D59CB0C9B20}.Release|Any CPU.ActiveCfg = Release|Any CPU
		{43015FAE-6B40-4890-876B-0D59CB0C9B20}.Release|Any CPU.Build.0 = Release|Any CPU
	EndGlobalSection
	GlobalSection(SolutionProperties) = preSolution
		HideSolutionNode = FALSE
	EndGlobalSection
	GlobalSection(ExtensibilityGlobals) = postSolution
		SolutionGuid = {AEAB4A49-E1F1-4B97-A628-0E66DE11F359}
	EndGlobalSection
EndGlobal
